
Microsoft Visual Studio Solution File, Format Version 12.00
# Visual Studio Version 16
VisualStudioVersion = 16.0.31129.286
MinimumVisualStudioVersion = 10.0.40219.1
Project("{FAE04EC0-301F-11D3-BF4B-00C04F79EFBC}") = "TestyKonie", "TestyKonie\TestyKonie.csproj", "{CF68F159-C231-4E45-ACF0-4FE6D4A5D285}"
EndProject
Global
	GlobalSection(SolutionConfigurationPlatforms) = preSolution
		Debug|Any CPU = Debug|Any CPU
		Release|Any CPU = Release|Any CPU
	EndGlobalSection
	GlobalSection(ProjectConfigurationPlatforms) = postSolution
		{CF68F159-C231-4E45-ACF0-4FE6D4A5D285}.Debug|Any CPU.ActiveCfg = Debug|Any CPU
		{CF68F159-C231-4E45-ACF0-4FE6D4A5D285}.Debug|Any CPU.Build.0 = Debug|Any CPU
		{CF68F159-C231-4E45-ACF0-4FE6D4A5D285}.Release|Any CPU.ActiveCfg = Release|Any CPU
		{CF68F159-C231-4E45-ACF0-4FE6D4A5D285}.Release|Any CPU.Build.0 = Release|Any CPU
	EndGlobalSection
	GlobalSection(SolutionProperties) = preSolution
		HideSolutionNode = FALSE
	EndGlobalSection
	GlobalSection(ExtensibilityGlobals) = postSolution
		SolutionGuid = {59F4F106-B20A-4F04-98DC-EA199CBDB038}
	EndGlobalSection
EndGlobal
